
Microsoft Visual Studio Solution File, Format Version 12.00
# Visual Studio Version 17
VisualStudioVersion = 17.3.32922.545
MinimumVisualStudioVersion = 10.0.40219.1
Project("{FAE04EC0-301F-11D3-BF4B-00C04F79EFBC}") = "HW_La_casa_de_papel", "HW_La_casa_de_papel\HW_La_casa_de_papel.csproj", "{A860CBBF-9A2B-480A-B9E4-5FEF357E5B0E}"
EndProject
Global
	GlobalSection(SolutionConfigurationPlatforms) = preSolution
		Debug|Any CPU = Debug|Any CPU
		Release|Any CPU = Release|Any CPU
	EndGlobalSection
	GlobalSection(ProjectConfigurationPlatforms) = postSolution
		{A860CBBF-9A2B-480A-B9E4-5FEF357E5B0E}.Debug|Any CPU.ActiveCfg = Debug|Any CPU
		{A860CBBF-9A2B-480A-B9E4-5FEF357E5B0E}.Debug|Any CPU.Build.0 = Debug|Any CPU
		{A860CBBF-9A2B-480A-B9E4-5FEF357E5B0E}.Release|Any CPU.ActiveCfg = Release|Any CPU
		{A860CBBF-9A2B-480A-B9E4-5FEF357E5B0E}.Release|Any CPU.Build.0 = Release|Any CPU
	EndGlobalSection
	GlobalSection(SolutionProperties) = preSolution
		HideSolutionNode = FALSE
	EndGlobalSection
	GlobalSection(ExtensibilityGlobals) = postSolution
		SolutionGuid = {A744C80D-3BE5-42A1-8444-3F29BC73B062}
	EndGlobalSection
EndGlobal
